{
	"name": "@justaos/email-utils",
	"version": "1.0.7",
	"lockfileVersion": 2,
	"requires": true,
	"packages": {
		"": {
			"name": "@justaos/email-utils",
			"version": "1.4.3",
			"license": "Apache-2.0",
			"dependencies": {
				"imap": "0.8.19",
				"mailparser": "2.8.1",
				"node-email-reply-parser": "^0.1.1",
				"nodemailer": "^6.6.5"
			},
			"devDependencies": {
				"@types/imap": "^0.8.31",
				"@types/mailparser": "^2.7.3",
				"@types/nodemailer": "^6.4.0"
			}
		},
		"node_modules/@types/imap": {
			"version": "0.8.35",
			"resolved": "https://registry.npmjs.org/@types/imap/-/imap-0.8.35.tgz",
			"integrity": "sha512-4Tk8lGFvRFYCEaHxb2BZFZPs2XiYBSboEbb1Kq1oBqA2aRqPV0pjzyXGpMKi9jILsDPlrG7s0EFnnh8qb3h3ww==",
			"dev": true,
			"dependencies": {
				"@types/node": "*"
			}
		},
		"node_modules/@types/mailparser": {
			"version": "2.7.4",
			"resolved": "https://registry.npmjs.org/@types/mailparser/-/mailparser-2.7.4.tgz",
			"integrity": "sha512-JGIV4RtcjBO1jsD0RTDoXOmm1zzHr07rWPmNREBBM1oAjjfy99Ne4Y7s/akVSZoksm/JWQMcFQ42LbsufHRVfg==",
			"dev": true,
			"dependencies": {
				"@types/node": "*"
			}
		},
		"node_modules/@types/node": {
			"version": "16.10.2",
			"resolved": "https://registry.npmjs.org/@types/node/-/node-16.10.2.tgz",
			"integrity": "sha512-zCclL4/rx+W5SQTzFs9wyvvyCwoK9QtBpratqz2IYJ3O8Umrn0m3nsTv0wQBk9sRGpvUe9CwPDrQFB10f1FIjQ==",
			"dev": true
		},
		"node_modules/@types/nodemailer": {
			"version": "6.4.4",
			"resolved": "https://registry.npmjs.org/@types/nodemailer/-/nodemailer-6.4.4.tgz",
			"integrity": "sha512-Ksw4t7iliXeYGvIQcSIgWQ5BLuC/mljIEbjf615svhZL10PE9t+ei8O9gDaD3FPCasUJn9KTLwz2JFJyiiyuqw==",
			"dev": true,
			"dependencies": {
				"@types/node": "*"
			}
		},
		"node_modules/core-util-is": {
			"version": "1.0.3",
			"resolved": "https://registry.npmjs.org/core-util-is/-/core-util-is-1.0.3.tgz",
			"integrity": "sha512-ZQBvi1DcpJ4GDqanjucZ2Hj3wEO5pZDS89BWbkcrvdxksJorwUDDZamX9ldFkp9aw2lmBDLgkObEA4DWNJ9FYQ=="
		},
		"node_modules/dom-serializer": {
			"version": "0.2.2",
			"resolved": "https://registry.npmjs.org/dom-serializer/-/dom-serializer-0.2.2.tgz",
			"integrity": "sha512-2/xPb3ORsQ42nHYiSunXkDjPLBaEj/xTwUO4B7XCZQTRk7EBtTOPaygh10YAAh2OI1Qrp6NWfpAhzswj0ydt9g==",
			"dependencies": {
				"domelementtype": "^2.0.1",
				"entities": "^2.0.0"
			}
		},
		"node_modules/dom-serializer/node_modules/domelementtype": {
			"version": "2.2.0",
			"resolved": "https://registry.npmjs.org/domelementtype/-/domelementtype-2.2.0.tgz",
			"integrity": "sha512-DtBMo82pv1dFtUmHyr48beiuq792Sxohr+8Hm9zoxklYPfa6n0Z3Byjj2IV7bmr2IyqClnqEQhfgHJJ5QF0R5A==",
			"funding": [
				{
					"type": "github",
					"url": "https://github.com/sponsors/fb55"
				}
			]
		},
		"node_modules/dom-serializer/node_modules/entities": {
			"version": "2.2.0",
			"resolved": "https://registry.npmjs.org/entities/-/entities-2.2.0.tgz",
			"integrity": "sha512-p92if5Nz619I0w+akJrLZH0MX0Pb5DX39XOwQTtXSdQQOaYH03S1uIQp4mhOZtAXrxq4ViO67YTiLBo2638o9A==",
			"funding": {
				"url": "https://github.com/fb55/entities?sponsor=1"
			}
		},
		"node_modules/domelementtype": {
			"version": "1.3.1",
			"resolved": "https://registry.npmjs.org/domelementtype/-/domelementtype-1.3.1.tgz",
			"integrity": "sha512-BSKB+TSpMpFI/HOxCNr1O8aMOTZ8hT3pM3GQ0w/mWRmkhEDSFJkkyzz4XQsBV44BChwGkrDfMyjVD0eA2aFV3w=="
		},
		"node_modules/domhandler": {
			"version": "2.4.2",
			"resolved": "https://registry.npmjs.org/domhandler/-/domhandler-2.4.2.tgz",
			"integrity": "sha512-JiK04h0Ht5u/80fdLMCEmV4zkNh2BcoMFBmZ/91WtYZ8qVXSKjiw7fXMgFPnHcSZgOo3XdinHvmnDUeMf5R4wA==",
			"dependencies": {
				"domelementtype": "1"
			}
		},
		"node_modules/domutils": {
			"version": "1.7.0",
			"resolved": "https://registry.npmjs.org/domutils/-/domutils-1.7.0.tgz",
			"integrity": "sha512-Lgd2XcJ/NjEw+7tFvfKxOzCYKZsdct5lczQ2ZaQY8Djz7pfAD3Gbp8ySJWtreII/vDlMVmxwa6pHmdxIYgttDg==",
			"dependencies": {
				"dom-serializer": "0",
				"domelementtype": "1"
			}
		},
		"node_modules/encoding-japanese": {
			"version": "1.0.30",
			"resolved": "https://registry.npmjs.org/encoding-japanese/-/encoding-japanese-1.0.30.tgz",
			"integrity": "sha512-bd/DFLAoJetvv7ar/KIpE3CNO8wEuyrt9Xuw6nSMiZ+Vrz/Q21BPsMHvARL2Wz6IKHKXgb+DWZqtRg1vql9cBg=="
		},
		"node_modules/entities": {
			"version": "1.1.2",
			"resolved": "https://registry.npmjs.org/entities/-/entities-1.1.2.tgz",
			"integrity": "sha512-f2LZMYl1Fzu7YSBKg+RoROelpOaNrcGmE9AZubeDfrCEia483oW4MI4VyFd5VNHIgQ/7qm1I0wUHK1eJnn2y2w=="
		},
		"node_modules/esrever": {
			"version": "0.2.0",
			"resolved": "https://registry.npmjs.org/esrever/-/esrever-0.2.0.tgz",
			"integrity": "sha1-lunSj08bGnZ4TNXUkOquAQ50B7g=",
			"bin": {
				"esrever": "bin/esrever"
			}
		},
		"node_modules/he": {
			"version": "1.2.0",
			"resolved": "https://registry.npmjs.org/he/-/he-1.2.0.tgz",
			"integrity": "sha512-F/1DnUGPopORZi0ni+CvrCgHQ5FyEAHRLSApuYWMmrbSwoN2Mn/7k+Gl38gJnR7yyDZk6WLXwiGod1JOWNDKGw==",
			"bin": {
				"he": "bin/he"
			}
		},
		"node_modules/html-to-text": {
			"version": "5.1.1",
			"resolved": "https://registry.npmjs.org/html-to-text/-/html-to-text-5.1.1.tgz",
			"integrity": "sha512-Bci6bD/JIfZSvG4s0gW/9mMKwBRoe/1RWLxUME/d6WUSZCdY7T60bssf/jFf7EYXRyqU4P5xdClVqiYU0/ypdA==",
			"dependencies": {
				"he": "^1.2.0",
				"htmlparser2": "^3.10.1",
				"lodash": "^4.17.11",
				"minimist": "^1.2.0"
			},
			"bin": {
				"html-to-text": "bin/cli.js"
			},
			"engines": {
				"node": ">= 4.0.0"
			}
		},
		"node_modules/htmlparser2": {
			"version": "3.10.1",
			"resolved": "https://registry.npmjs.org/htmlparser2/-/htmlparser2-3.10.1.tgz",
			"integrity": "sha512-IgieNijUMbkDovyoKObU1DUhm1iwNYE/fuifEoEHfd1oZKZDaONBSkal7Y01shxsM49R4XaMdGez3WnF9UfiCQ==",
			"dependencies": {
				"domelementtype": "^1.3.1",
				"domhandler": "^2.3.0",
				"domutils": "^1.5.1",
				"entities": "^1.1.1",
				"inherits": "^2.0.1",
				"readable-stream": "^3.1.1"
			}
		},
		"node_modules/htmlparser2/node_modules/readable-stream": {
			"version": "3.6.0",
			"resolved": "https://registry.npmjs.org/readable-stream/-/readable-stream-3.6.0.tgz",
			"integrity": "sha512-BViHy7LKeTz4oNnkcLJ+lVSL6vpiFeX6/d3oSH8zCW7UxP2onchk+vTGB143xuFjHS3deTgkKoXXymXqymiIdA==",
			"dependencies": {
				"inherits": "^2.0.3",
				"string_decoder": "^1.1.1",
				"util-deprecate": "^1.0.1"
			},
			"engines": {
				"node": ">= 6"
			}
		},
		"node_modules/htmlparser2/node_modules/string_decoder": {
			"version": "1.3.0",
			"resolved": "https://registry.npmjs.org/string_decoder/-/string_decoder-1.3.0.tgz",
			"integrity": "sha512-hkRX8U1WjJFd8LsDJ2yQ/wWWxaopEsABU1XfkM8A+j0+85JAGppt16cr1Whg6KIbb4okU6Mql6BOj+uup/wKeA==",
			"dependencies": {
				"safe-buffer": "~5.2.0"
			}
		},
		"node_modules/iconv-lite": {
			"version": "0.6.2",
			"resolved": "https://registry.npmjs.org/iconv-lite/-/iconv-lite-0.6.2.tgz",
			"integrity": "sha512-2y91h5OpQlolefMPmUlivelittSWy0rP+oYVpn6A7GwVHNE8AWzoYOBNmlwks3LobaJxgHCYZAnyNo2GgpNRNQ==",
			"dependencies": {
				"safer-buffer": ">= 2.1.2 < 3.0.0"
			},
			"engines": {
				"node": ">=0.10.0"
			}
		},
		"node_modules/imap": {
			"version": "0.8.19",
			"resolved": "https://registry.npmjs.org/imap/-/imap-0.8.19.tgz",
			"integrity": "sha1-NniHOTSrCc6mukh0HyhNoq9Z2NU=",
			"dependencies": {
				"readable-stream": "1.1.x",
				"utf7": ">=1.0.2"
			},
			"engines": {
				"node": ">=0.8.0"
			}
		},
		"node_modules/inherits": {
			"version": "2.0.4",
			"resolved": "https://registry.npmjs.org/inherits/-/inherits-2.0.4.tgz",
			"integrity": "sha512-k/vGaX4/Yla3WzyMCvTQOXYeIHvqOKtnqBduzTHpzpQZzAskKMhZ2K+EnBiSM9zGSoIFeMpXKxa4dYeZIQqewQ=="
		},
		"node_modules/isarray": {
			"version": "0.0.1",
			"resolved": "https://registry.npmjs.org/isarray/-/isarray-0.0.1.tgz",
			"integrity": "sha1-ihis/Kmo9Bd+Cav8YDiTmwXR7t8="
		},
		"node_modules/libbase64": {
			"version": "1.2.1",
			"resolved": "https://registry.npmjs.org/libbase64/-/libbase64-1.2.1.tgz",
			"integrity": "sha512-l+nePcPbIG1fNlqMzrh68MLkX/gTxk/+vdvAb388Ssi7UuUN31MI44w4Yf33mM3Cm4xDfw48mdf3rkdHszLNew=="
		},
		"node_modules/libmime": {
			"version": "5.0.0",
			"resolved": "https://registry.npmjs.org/libmime/-/libmime-5.0.0.tgz",
			"integrity": "sha512-2Bm96d5ktnE217Ib1FldvUaPAaOst6GtZrsxJCwnJgi9lnsoAKIHyU0sae8rNx6DNYbjdqqh8lv5/b9poD8qOg==",
			"dependencies": {
				"encoding-japanese": "1.0.30",
				"iconv-lite": "0.6.2",
				"libbase64": "1.2.1",
				"libqp": "1.1.0"
			}
		},
		"node_modules/libqp": {
			"version": "1.1.0",
			"resolved": "https://registry.npmjs.org/libqp/-/libqp-1.1.0.tgz",
			"integrity": "sha1-9ebgatdLeU+1tbZpiL9yjvHe2+g="
		},
		"node_modules/linkify-it": {
			"version": "3.0.2",
			"resolved": "https://registry.npmjs.org/linkify-it/-/linkify-it-3.0.2.tgz",
			"integrity": "sha512-gDBO4aHNZS6coiZCKVhSNh43F9ioIL4JwRjLZPkoLIY4yZFwg264Y5lu2x6rb1Js42Gh6Yqm2f6L2AJcnkzinQ==",
			"dependencies": {
				"uc.micro": "^1.0.1"
			}
		},
		"node_modules/lodash": {
			"version": "4.17.21",
			"resolved": "https://registry.npmjs.org/lodash/-/lodash-4.17.21.tgz",
			"integrity": "sha512-v2kDEe57lecTulaDIuNTPy3Ry4gLGJ6Z1O3vE1krgXZNrsQ+LFTGHVxVjcXPs17LhbZVGedAJv8XZ1tvj5FvSg=="
		},
		"node_modules/mailparser": {
			"version": "2.8.1",
			"resolved": "https://registry.npmjs.org/mailparser/-/mailparser-2.8.1.tgz",
			"integrity": "sha512-H/CYAO9dsw6SFNbEGGpZsejVSWDcFlyHjb1OkHUWg0wggUekva1tNc28trB155nSqM8rhtbwTKt//orX0AmJxQ==",
			"dependencies": {
				"encoding-japanese": "1.0.30",
				"he": "1.2.0",
				"html-to-text": "5.1.1",
				"iconv-lite": "0.6.2",
				"libmime": "5.0.0",
				"linkify-it": "3.0.2",
				"mailsplit": "5.0.0",
				"nodemailer": "6.4.11",
				"tlds": "1.208.0"
			}
		},
		"node_modules/mailparser/node_modules/nodemailer": {
			"version": "6.4.11",
			"resolved": "https://registry.npmjs.org/nodemailer/-/nodemailer-6.4.11.tgz",
			"integrity": "sha512-BVZBDi+aJV4O38rxsUh164Dk1NCqgh6Cm0rQSb9SK/DHGll/DrCMnycVDD7msJgZCnmVa8ASo8EZzR7jsgTukQ==",
			"hasInstallScript": true,
			"engines": {
				"node": ">=6.0.0"
			}
		},
		"node_modules/mailsplit": {
			"version": "5.0.0",
			"resolved": "https://registry.npmjs.org/mailsplit/-/mailsplit-5.0.0.tgz",
			"integrity": "sha512-HeXA0eyCKBtZqbr7uoeb3Nn2L7VV8Vm27x6/YBb0ZiNzRzLoNS2PqRgGYADwh0cBzLYtqddq40bSSirqLO2LGw==",
			"dependencies": {
				"libbase64": "1.2.1",
				"libmime": "4.2.1",
				"libqp": "1.1.0"
			}
		},
		"node_modules/mailsplit/node_modules/iconv-lite": {
			"version": "0.5.0",
			"resolved": "https://registry.npmjs.org/iconv-lite/-/iconv-lite-0.5.0.tgz",
			"integrity": "sha512-NnEhI9hIEKHOzJ4f697DMz9IQEXr/MMJ5w64vN2/4Ai+wRnvV7SBrL0KLoRlwaKVghOc7LQ5YkPLuX146b6Ydw==",
			"dependencies": {
				"safer-buffer": ">= 2.1.2 < 3"
			},
			"engines": {
				"node": ">=0.10.0"
			}
		},
		"node_modules/mailsplit/node_modules/libmime": {
			"version": "4.2.1",
			"resolved": "https://registry.npmjs.org/libmime/-/libmime-4.2.1.tgz",
			"integrity": "sha512-09y7zjSc5im1aNsq815zgo4/G3DnIzym3aDOHsGq4Ee5vrX4PdgQRybAsztz9Rv0NhO+J5C0llEUloa3sUmjmA==",
			"dependencies": {
				"encoding-japanese": "1.0.30",
				"iconv-lite": "0.5.0",
				"libbase64": "1.2.1",
				"libqp": "1.1.0"
			}
		},
		"node_modules/minimist": {
			"version": "1.2.5",
			"resolved": "https://registry.npmjs.org/minimist/-/minimist-1.2.5.tgz",
			"integrity": "sha512-FM9nNUYrRBAELZQT3xeZQ7fmMOBg6nWNmJKTcgsJeaLstP/UODVpGsr5OhXhhXg6f+qtJ8uiZ+PUxkDWcgIXLw=="
		},
		"node_modules/node-email-reply-parser": {
			"version": "0.1.3",
			"resolved": "https://registry.npmjs.org/node-email-reply-parser/-/node-email-reply-parser-0.1.3.tgz",
			"integrity": "sha512-CTsSjkaWd+kSMtX1H9fHAHZnOBm2Xyx5rgkc53vQnF5p9yO5Wtdtm+WDpFWZaH9Bar5hyXJ7p8jOmiEO5wvh2g==",
			"dependencies": {
				"esrever": "^0.2.0",
				"lodash": "^4.17.21"
			},
			"engines": {
				"node": ">= 14.0.0"
			}
		},
		"node_modules/nodemailer": {
			"version": "6.6.5",
			"resolved": "https://registry.npmjs.org/nodemailer/-/nodemailer-6.6.5.tgz",
			"integrity": "sha512-C/v856DBijUzHcHIgGpQoTrfsH3suKIRAGliIzCstatM2cAa+MYX3LuyCrABiO/cdJTxgBBHXxV1ztiqUwst5A==",
			"engines": {
				"node": ">=6.0.0"
			}
		},
		"node_modules/readable-stream": {
			"version": "1.1.14",
			"resolved": "https://registry.npmjs.org/readable-stream/-/readable-stream-1.1.14.tgz",
			"integrity": "sha1-fPTFTvZI44EwhMY23SB54WbAgdk=",
			"dependencies": {
				"core-util-is": "~1.0.0",
				"inherits": "~2.0.1",
				"isarray": "0.0.1",
				"string_decoder": "~0.10.x"
			}
		},
		"node_modules/safe-buffer": {
			"version": "5.2.1",
			"resolved": "https://registry.npmjs.org/safe-buffer/-/safe-buffer-5.2.1.tgz",
			"integrity": "sha512-rp3So07KcdmmKbGvgaNxQSJr7bGVSVk5S9Eq1F+ppbRo70+YeaDxkw5Dd8NPN+GD6bjnYm2VuPuCXmpuYvmCXQ==",
			"funding": [
				{
					"type": "github",
					"url": "https://github.com/sponsors/feross"
				},
				{
					"type": "patreon",
					"url": "https://www.patreon.com/feross"
				},
				{
					"type": "consulting",
					"url": "https://feross.org/support"
				}
			]
		},
		"node_modules/safer-buffer": {
			"version": "2.1.2",
			"resolved": "https://registry.npmjs.org/safer-buffer/-/safer-buffer-2.1.2.tgz",
			"integrity": "sha512-YZo3K82SD7Riyi0E1EQPojLz7kpepnSQI9IyPbHHg1XXXevb5dJI7tpyN2ADxGcQbHG7vcyRHk0cbwqcQriUtg=="
		},
		"node_modules/semver": {
			"version": "5.3.0",
			"resolved": "https://registry.npmjs.org/semver/-/semver-5.3.0.tgz",
			"integrity": "sha1-myzl094C0XxgEq0yaqa00M9U+U8=",
			"bin": {
				"semver": "bin/semver"
			}
		},
		"node_modules/string_decoder": {
			"version": "0.10.31",
			"resolved": "https://registry.npmjs.org/string_decoder/-/string_decoder-0.10.31.tgz",
			"integrity": "sha1-YuIDvEF2bGwoyfyEMB2rHFMQ+pQ="
		},
		"node_modules/tlds": {
			"version": "1.208.0",
			"resolved": "https://registry.npmjs.org/tlds/-/tlds-1.208.0.tgz",
			"integrity": "sha512-6kbY7GJpRQXwBddSOAbVUZXjObbCGFXliWWN+kOSEoRWIOyRWLB6zdeKC/Tguwwenl/KsUx016XR50EdHYsxZw==",
			"bin": {
				"tlds": "bin.js"
			}
		},
		"node_modules/uc.micro": {
			"version": "1.0.6",
			"resolved": "https://registry.npmjs.org/uc.micro/-/uc.micro-1.0.6.tgz",
			"integrity": "sha512-8Y75pvTYkLJW2hWQHXxoqRgV7qb9B+9vFEtidML+7koHUFapnVJAZ6cKs+Qjz5Aw3aZWHMC6u0wJE3At+nSGwA=="
		},
		"node_modules/utf7": {
			"version": "1.0.2",
			"resolved": "https://registry.npmjs.org/utf7/-/utf7-1.0.2.tgz",
			"integrity": "sha1-lV9JCq5lO6IguUVqCod2wZk2CZE=",
			"dependencies": {
				"semver": "~5.3.0"
			}
		},
		"node_modules/util-deprecate": {
			"version": "1.0.2",
			"resolved": "https://registry.npmjs.org/util-deprecate/-/util-deprecate-1.0.2.tgz",
			"integrity": "sha1-RQ1Nyfpw3nMnYvvS1KKJgUGaDM8="
		}
	},
	"dependencies": {
		"@types/imap": {
			"version": "0.8.35",
			"resolved": "https://registry.npmjs.org/@types/imap/-/imap-0.8.35.tgz",
			"integrity": "sha512-4Tk8lGFvRFYCEaHxb2BZFZPs2XiYBSboEbb1Kq1oBqA2aRqPV0pjzyXGpMKi9jILsDPlrG7s0EFnnh8qb3h3ww==",
			"dev": true,
			"requires": {
				"@types/node": "*"
			}
		},
		"@types/mailparser": {
			"version": "2.7.4",
			"resolved": "https://registry.npmjs.org/@types/mailparser/-/mailparser-2.7.4.tgz",
			"integrity": "sha512-JGIV4RtcjBO1jsD0RTDoXOmm1zzHr07rWPmNREBBM1oAjjfy99Ne4Y7s/akVSZoksm/JWQMcFQ42LbsufHRVfg==",
			"dev": true,
			"requires": {
				"@types/node": "*"
			}
		},
		"@types/node": {
			"version": "16.10.2",
			"resolved": "https://registry.npmjs.org/@types/node/-/node-16.10.2.tgz",
			"integrity": "sha512-zCclL4/rx+W5SQTzFs9wyvvyCwoK9QtBpratqz2IYJ3O8Umrn0m3nsTv0wQBk9sRGpvUe9CwPDrQFB10f1FIjQ==",
			"dev": true
		},
		"@types/nodemailer": {
			"version": "6.4.4",
			"resolved": "https://registry.npmjs.org/@types/nodemailer/-/nodemailer-6.4.4.tgz",
			"integrity": "sha512-Ksw4t7iliXeYGvIQcSIgWQ5BLuC/mljIEbjf615svhZL10PE9t+ei8O9gDaD3FPCasUJn9KTLwz2JFJyiiyuqw==",
			"dev": true,
			"requires": {
				"@types/node": "*"
			}
		},
		"core-util-is": {
			"version": "1.0.3",
			"resolved": "https://registry.npmjs.org/core-util-is/-/core-util-is-1.0.3.tgz",
			"integrity": "sha512-ZQBvi1DcpJ4GDqanjucZ2Hj3wEO5pZDS89BWbkcrvdxksJorwUDDZamX9ldFkp9aw2lmBDLgkObEA4DWNJ9FYQ=="
		},
		"dom-serializer": {
			"version": "0.2.2",
			"resolved": "https://registry.npmjs.org/dom-serializer/-/dom-serializer-0.2.2.tgz",
			"integrity": "sha512-2/xPb3ORsQ42nHYiSunXkDjPLBaEj/xTwUO4B7XCZQTRk7EBtTOPaygh10YAAh2OI1Qrp6NWfpAhzswj0ydt9g==",
			"requires": {
				"domelementtype": "^2.0.1",
				"entities": "^2.0.0"
			},
			"dependencies": {
				"domelementtype": {
					"version": "2.2.0",
					"resolved": "https://registry.npmjs.org/domelementtype/-/domelementtype-2.2.0.tgz",
					"integrity": "sha512-DtBMo82pv1dFtUmHyr48beiuq792Sxohr+8Hm9zoxklYPfa6n0Z3Byjj2IV7bmr2IyqClnqEQhfgHJJ5QF0R5A=="
				},
				"entities": {
					"version": "2.2.0",
					"resolved": "https://registry.npmjs.org/entities/-/entities-2.2.0.tgz",
					"integrity": "sha512-p92if5Nz619I0w+akJrLZH0MX0Pb5DX39XOwQTtXSdQQOaYH03S1uIQp4mhOZtAXrxq4ViO67YTiLBo2638o9A=="
				}
			}
		},
		"domelementtype": {
			"version": "1.3.1",
			"resolved": "https://registry.npmjs.org/domelementtype/-/domelementtype-1.3.1.tgz",
			"integrity": "sha512-BSKB+TSpMpFI/HOxCNr1O8aMOTZ8hT3pM3GQ0w/mWRmkhEDSFJkkyzz4XQsBV44BChwGkrDfMyjVD0eA2aFV3w=="
		},
		"domhandler": {
			"version": "2.4.2",
			"resolved": "https://registry.npmjs.org/domhandler/-/domhandler-2.4.2.tgz",
			"integrity": "sha512-JiK04h0Ht5u/80fdLMCEmV4zkNh2BcoMFBmZ/91WtYZ8qVXSKjiw7fXMgFPnHcSZgOo3XdinHvmnDUeMf5R4wA==",
			"requires": {
				"domelementtype": "1"
			}
		},
		"domutils": {
			"version": "1.7.0",
			"resolved": "https://registry.npmjs.org/domutils/-/domutils-1.7.0.tgz",
			"integrity": "sha512-Lgd2XcJ/NjEw+7tFvfKxOzCYKZsdct5lczQ2ZaQY8Djz7pfAD3Gbp8ySJWtreII/vDlMVmxwa6pHmdxIYgttDg==",
			"requires": {
				"dom-serializer": "0",
				"domelementtype": "1"
			}
		},
		"encoding-japanese": {
			"version": "1.0.30",
			"resolved": "https://registry.npmjs.org/encoding-japanese/-/encoding-japanese-1.0.30.tgz",
			"integrity": "sha512-bd/DFLAoJetvv7ar/KIpE3CNO8wEuyrt9Xuw6nSMiZ+Vrz/Q21BPsMHvARL2Wz6IKHKXgb+DWZqtRg1vql9cBg=="
		},
		"entities": {
			"version": "1.1.2",
			"resolved": "https://registry.npmjs.org/entities/-/entities-1.1.2.tgz",
			"integrity": "sha512-f2LZMYl1Fzu7YSBKg+RoROelpOaNrcGmE9AZubeDfrCEia483oW4MI4VyFd5VNHIgQ/7qm1I0wUHK1eJnn2y2w=="
		},
		"esrever": {
			"version": "0.2.0",
			"resolved": "https://registry.npmjs.org/esrever/-/esrever-0.2.0.tgz",
			"integrity": "sha1-lunSj08bGnZ4TNXUkOquAQ50B7g="
		},
		"he": {
			"version": "1.2.0",
			"resolved": "https://registry.npmjs.org/he/-/he-1.2.0.tgz",
			"integrity": "sha512-F/1DnUGPopORZi0ni+CvrCgHQ5FyEAHRLSApuYWMmrbSwoN2Mn/7k+Gl38gJnR7yyDZk6WLXwiGod1JOWNDKGw=="
		},
		"html-to-text": {
			"version": "5.1.1",
			"resolved": "https://registry.npmjs.org/html-to-text/-/html-to-text-5.1.1.tgz",
			"integrity": "sha512-Bci6bD/JIfZSvG4s0gW/9mMKwBRoe/1RWLxUME/d6WUSZCdY7T60bssf/jFf7EYXRyqU4P5xdClVqiYU0/ypdA==",
			"requires": {
				"he": "^1.2.0",
				"htmlparser2": "^3.10.1",
				"lodash": "^4.17.11",
				"minimist": "^1.2.0"
			}
		},
		"htmlparser2": {
			"version": "3.10.1",
			"resolved": "https://registry.npmjs.org/htmlparser2/-/htmlparser2-3.10.1.tgz",
			"integrity": "sha512-IgieNijUMbkDovyoKObU1DUhm1iwNYE/fuifEoEHfd1oZKZDaONBSkal7Y01shxsM49R4XaMdGez3WnF9UfiCQ==",
			"requires": {
				"domelementtype": "^1.3.1",
				"domhandler": "^2.3.0",
				"domutils": "^1.5.1",
				"entities": "^1.1.1",
				"inherits": "^2.0.1",
				"readable-stream": "^3.1.1"
			},
			"dependencies": {
				"readable-stream": {
					"version": "3.6.0",
					"resolved": "https://registry.npmjs.org/readable-stream/-/readable-stream-3.6.0.tgz",
					"integrity": "sha512-BViHy7LKeTz4oNnkcLJ+lVSL6vpiFeX6/d3oSH8zCW7UxP2onchk+vTGB143xuFjHS3deTgkKoXXymXqymiIdA==",
					"requires": {
						"inherits": "^2.0.3",
						"string_decoder": "^1.1.1",
						"util-deprecate": "^1.0.1"
					}
				},
				"string_decoder": {
					"version": "1.3.0",
					"resolved": "https://registry.npmjs.org/string_decoder/-/string_decoder-1.3.0.tgz",
					"integrity": "sha512-hkRX8U1WjJFd8LsDJ2yQ/wWWxaopEsABU1XfkM8A+j0+85JAGppt16cr1Whg6KIbb4okU6Mql6BOj+uup/wKeA==",
					"requires": {
						"safe-buffer": "~5.2.0"
					}
				}
			}
		},
		"iconv-lite": {
			"version": "0.6.2",
			"resolved": "https://registry.npmjs.org/iconv-lite/-/iconv-lite-0.6.2.tgz",
			"integrity": "sha512-2y91h5OpQlolefMPmUlivelittSWy0rP+oYVpn6A7GwVHNE8AWzoYOBNmlwks3LobaJxgHCYZAnyNo2GgpNRNQ==",
			"requires": {
				"safer-buffer": ">= 2.1.2 < 3.0.0"
			}
		},
		"imap": {
			"version": "0.8.19",
			"resolved": "https://registry.npmjs.org/imap/-/imap-0.8.19.tgz",
			"integrity": "sha1-NniHOTSrCc6mukh0HyhNoq9Z2NU=",
			"requires": {
				"readable-stream": "1.1.x",
				"utf7": ">=1.0.2"
			}
		},
		"inherits": {
			"version": "2.0.4",
			"resolved": "https://registry.npmjs.org/inherits/-/inherits-2.0.4.tgz",
			"integrity": "sha512-k/vGaX4/Yla3WzyMCvTQOXYeIHvqOKtnqBduzTHpzpQZzAskKMhZ2K+EnBiSM9zGSoIFeMpXKxa4dYeZIQqewQ=="
		},
		"isarray": {
			"version": "0.0.1",
			"resolved": "https://registry.npmjs.org/isarray/-/isarray-0.0.1.tgz",
			"integrity": "sha1-ihis/Kmo9Bd+Cav8YDiTmwXR7t8="
		},
		"libbase64": {
			"version": "1.2.1",
			"resolved": "https://registry.npmjs.org/libbase64/-/libbase64-1.2.1.tgz",
			"integrity": "sha512-l+nePcPbIG1fNlqMzrh68MLkX/gTxk/+vdvAb388Ssi7UuUN31MI44w4Yf33mM3Cm4xDfw48mdf3rkdHszLNew=="
		},
		"libmime": {
			"version": "5.0.0",
			"resolved": "https://registry.npmjs.org/libmime/-/libmime-5.0.0.tgz",
			"integrity": "sha512-2Bm96d5ktnE217Ib1FldvUaPAaOst6GtZrsxJCwnJgi9lnsoAKIHyU0sae8rNx6DNYbjdqqh8lv5/b9poD8qOg==",
			"requires": {
				"encoding-japanese": "1.0.30",
				"iconv-lite": "0.6.2",
				"libbase64": "1.2.1",
				"libqp": "1.1.0"
			}
		},
		"libqp": {
			"version": "1.1.0",
			"resolved": "https://registry.npmjs.org/libqp/-/libqp-1.1.0.tgz",
			"integrity": "sha1-9ebgatdLeU+1tbZpiL9yjvHe2+g="
		},
		"linkify-it": {
			"version": "3.0.2",
			"resolved": "https://registry.npmjs.org/linkify-it/-/linkify-it-3.0.2.tgz",
			"integrity": "sha512-gDBO4aHNZS6coiZCKVhSNh43F9ioIL4JwRjLZPkoLIY4yZFwg264Y5lu2x6rb1Js42Gh6Yqm2f6L2AJcnkzinQ==",
			"requires": {
				"uc.micro": "^1.0.1"
			}
		},
		"lodash": {
			"version": "4.17.21",
			"resolved": "https://registry.npmjs.org/lodash/-/lodash-4.17.21.tgz",
			"integrity": "sha512-v2kDEe57lecTulaDIuNTPy3Ry4gLGJ6Z1O3vE1krgXZNrsQ+LFTGHVxVjcXPs17LhbZVGedAJv8XZ1tvj5FvSg=="
		},
		"mailparser": {
			"version": "2.8.1",
			"resolved": "https://registry.npmjs.org/mailparser/-/mailparser-2.8.1.tgz",
			"integrity": "sha512-H/CYAO9dsw6SFNbEGGpZsejVSWDcFlyHjb1OkHUWg0wggUekva1tNc28trB155nSqM8rhtbwTKt//orX0AmJxQ==",
			"requires": {
				"encoding-japanese": "1.0.30",
				"he": "1.2.0",
				"html-to-text": "5.1.1",
				"iconv-lite": "0.6.2",
				"libmime": "5.0.0",
				"linkify-it": "3.0.2",
				"mailsplit": "5.0.0",
				"nodemailer": "6.4.11",
				"tlds": "1.208.0"
			},
			"dependencies": {
				"nodemailer": {
					"version": "6.4.11",
					"resolved": "https://registry.npmjs.org/nodemailer/-/nodemailer-6.4.11.tgz",
					"integrity": "sha512-BVZBDi+aJV4O38rxsUh164Dk1NCqgh6Cm0rQSb9SK/DHGll/DrCMnycVDD7msJgZCnmVa8ASo8EZzR7jsgTukQ=="
				}
			}
		},
		"mailsplit": {
			"version": "5.0.0",
			"resolved": "https://registry.npmjs.org/mailsplit/-/mailsplit-5.0.0.tgz",
			"integrity": "sha512-HeXA0eyCKBtZqbr7uoeb3Nn2L7VV8Vm27x6/YBb0ZiNzRzLoNS2PqRgGYADwh0cBzLYtqddq40bSSirqLO2LGw==",
			"requires": {
				"libbase64": "1.2.1",
				"libmime": "4.2.1",
				"libqp": "1.1.0"
			},
			"dependencies": {
				"iconv-lite": {
					"version": "0.5.0",
					"resolved": "https://registry.npmjs.org/iconv-lite/-/iconv-lite-0.5.0.tgz",
					"integrity": "sha512-NnEhI9hIEKHOzJ4f697DMz9IQEXr/MMJ5w64vN2/4Ai+wRnvV7SBrL0KLoRlwaKVghOc7LQ5YkPLuX146b6Ydw==",
					"requires": {
						"safer-buffer": ">= 2.1.2 < 3"
					}
				},
				"libmime": {
					"version": "4.2.1",
					"resolved": "https://registry.npmjs.org/libmime/-/libmime-4.2.1.tgz",
					"integrity": "sha512-09y7zjSc5im1aNsq815zgo4/G3DnIzym3aDOHsGq4Ee5vrX4PdgQRybAsztz9Rv0NhO+J5C0llEUloa3sUmjmA==",
					"requires": {
						"encoding-japanese": "1.0.30",
						"iconv-lite": "0.5.0",
						"libbase64": "1.2.1",
						"libqp": "1.1.0"
					}
				}
			}
		},
		"minimist": {
			"version": "1.2.5",
			"resolved": "https://registry.npmjs.org/minimist/-/minimist-1.2.5.tgz",
			"integrity": "sha512-FM9nNUYrRBAELZQT3xeZQ7fmMOBg6nWNmJKTcgsJeaLstP/UODVpGsr5OhXhhXg6f+qtJ8uiZ+PUxkDWcgIXLw=="
		},
		"node-email-reply-parser": {
			"version": "0.1.3",
			"resolved": "https://registry.npmjs.org/node-email-reply-parser/-/node-email-reply-parser-0.1.3.tgz",
			"integrity": "sha512-CTsSjkaWd+kSMtX1H9fHAHZnOBm2Xyx5rgkc53vQnF5p9yO5Wtdtm+WDpFWZaH9Bar5hyXJ7p8jOmiEO5wvh2g==",
			"requires": {
				"esrever": "^0.2.0",
				"lodash": "^4.17.21"
			}
		},
		"nodemailer": {
			"version": "6.6.5",
			"resolved": "https://registry.npmjs.org/nodemailer/-/nodemailer-6.6.5.tgz",
			"integrity": "sha512-C/v856DBijUzHcHIgGpQoTrfsH3suKIRAGliIzCstatM2cAa+MYX3LuyCrABiO/cdJTxgBBHXxV1ztiqUwst5A=="
		},
		"readable-stream": {
			"version": "1.1.14",
			"resolved": "https://registry.npmjs.org/readable-stream/-/readable-stream-1.1.14.tgz",
			"integrity": "sha1-fPTFTvZI44EwhMY23SB54WbAgdk=",
			"requires": {
				"core-util-is": "~1.0.0",
				"inherits": "~2.0.1",
				"isarray": "0.0.1",
				"string_decoder": "~0.10.x"
			}
		},
		"safe-buffer": {
			"version": "5.2.1",
			"resolved": "https://registry.npmjs.org/safe-buffer/-/safe-buffer-5.2.1.tgz",
			"integrity": "sha512-rp3So07KcdmmKbGvgaNxQSJr7bGVSVk5S9Eq1F+ppbRo70+YeaDxkw5Dd8NPN+GD6bjnYm2VuPuCXmpuYvmCXQ=="
		},
		"safer-buffer": {
			"version": "2.1.2",
			"resolved": "https://registry.npmjs.org/safer-buffer/-/safer-buffer-2.1.2.tgz",
			"integrity": "sha512-YZo3K82SD7Riyi0E1EQPojLz7kpepnSQI9IyPbHHg1XXXevb5dJI7tpyN2ADxGcQbHG7vcyRHk0cbwqcQriUtg=="
		},
		"semver": {
			"version": "5.3.0",
			"resolved": "https://registry.npmjs.org/semver/-/semver-5.3.0.tgz",
			"integrity": "sha1-myzl094C0XxgEq0yaqa00M9U+U8="
		},
		"string_decoder": {
			"version": "0.10.31",
			"resolved": "https://registry.npmjs.org/string_decoder/-/string_decoder-0.10.31.tgz",
			"integrity": "sha1-YuIDvEF2bGwoyfyEMB2rHFMQ+pQ="
		},
		"tlds": {
			"version": "1.208.0",
			"resolved": "https://registry.npmjs.org/tlds/-/tlds-1.208.0.tgz",
			"integrity": "sha512-6kbY7GJpRQXwBddSOAbVUZXjObbCGFXliWWN+kOSEoRWIOyRWLB6zdeKC/Tguwwenl/KsUx016XR50EdHYsxZw=="
		},
		"uc.micro": {
			"version": "1.0.6",
			"resolved": "https://registry.npmjs.org/uc.micro/-/uc.micro-1.0.6.tgz",
			"integrity": "sha512-8Y75pvTYkLJW2hWQHXxoqRgV7qb9B+9vFEtidML+7koHUFapnVJAZ6cKs+Qjz5Aw3aZWHMC6u0wJE3At+nSGwA=="
		},
		"utf7": {
			"version": "1.0.2",
			"resolved": "https://registry.npmjs.org/utf7/-/utf7-1.0.2.tgz",
			"integrity": "sha1-lV9JCq5lO6IguUVqCod2wZk2CZE=",
			"requires": {
				"semver": "~5.3.0"
			}
		},
		"util-deprecate": {
			"version": "1.0.2",
			"resolved": "https://registry.npmjs.org/util-deprecate/-/util-deprecate-1.0.2.tgz",
			"integrity": "sha1-RQ1Nyfpw3nMnYvvS1KKJgUGaDM8="
		}
	}
}
